GEM
  remote: https://rubygems.org/
  specs:
    libv8-node (23.6.1.0)
    libv8-node (23.6.1.0-aarch64-linux)
    libv8-node (23.6.1.0-arm64-darwin)
    libv8-node (23.6.1.0-x86_64-darwin)
    libv8-node (23.6.1.0-x86_64-linux)
    libv8-node (23.6.1.0-x86_64-linux-musl)
    mini_racer (0.18.1)
      libv8-node (~> 23.6.1.0)
    semver2 (3.4.2)

PLATFORMS
  aarch64-linux
  arm64-darwin
  ruby
  x86_64-darwin
  x86_64-linux
  x86_64-linux-musl

DEPENDENCIES
  mini_racer
  semver2

BUNDLED WITH
  4.0.4
