GEM
  remote: https://rubygems.org/
  specs:
    libv8-node (24.12.0.1)
    libv8-node (24.12.0.1-aarch64-linux)
    libv8-node (24.12.0.1-aarch64-linux-musl)
    libv8-node (24.12.0.1-arm64-darwin)
    libv8-node (24.12.0.1-x86_64-darwin)
    libv8-node (24.12.0.1-x86_64-linux)
    libv8-node (24.12.0.1-x86_64-linux-musl)
    mini_racer (0.19.2)
      libv8-node (~> 24.12.0.1)

PLATFORMS
  aarch64-linux
  aarch64-linux-musl
  arm64-darwin
  ruby
  x86_64-darwin
  x86_64-linux
  x86_64-linux-musl

DEPENDENCIES
  mini_racer (~> 0.9)

CHECKSUMS
  libv8-node (24.12.0.1) sha256=d93d23b861bfe5de3ba829e34a142402fb83b4c3592dd58d9ac4e027588d739a
  libv8-node (24.12.0.1-aarch64-linux) sha256=22bd0246cde85d70c88cf772727ac3677a20ac1d169105f82efe5f1f7c39f755
  libv8-node (24.12.0.1-aarch64-linux-musl) sha256=791b5960f79525e87d1bd1e5f2bf3715ef2a38bac6c97f297853e98a8411ba89
  libv8-node (24.12.0.1-arm64-darwin) sha256=124904a46b4a15c01ac024b4cf537dcf199cfb49a309cc59f66315e156e48339
  libv8-node (24.12.0.1-x86_64-darwin) sha256=5eee594393e7a27dc230a7fca5f9f72fc11ed58bce655624a683f4d027bf2d16
  libv8-node (24.12.0.1-x86_64-linux) sha256=e1236be4765edc109bd6ecef2989cf781bdcbac6f6e2cb3236ec9568540a9cfa
  libv8-node (24.12.0.1-x86_64-linux-musl) sha256=7563175534c40893815bfd28e8fe27e12ff1656700c7208f53de06d14001712b
  mini_racer (0.19.2) sha256=ef3328e7e164d5ef2d38bb25d0da0fde3a9199a6f467461dd5f5e0b6443dd7ef

BUNDLED WITH
  4.0.5
